
Microsoft Visual Studio Solution File, Format Version 12.00
# Visual Studio Version 17
VisualStudioVersion = 17.8.34330.188
MinimumVisualStudioVersion = 10.0.40219.1
Project("{FAE04EC0-301F-11D3-BF4B-00C04F79EFBC}") = "RainbowSchool", "RainbowSchool\RainbowSchool.csproj", "{4436CF81-B3D8-401D-9287-739917E8189A}"
EndProject
Global
	GlobalSection(SolutionConfigurationPlatforms) = preSolution
		Debug|Any CPU = Debug|Any CPU
		Release|Any CPU = Release|Any CPU
	EndGlobalSection
	GlobalSection(ProjectConfigurationPlatforms) = postSolution
		{4436CF81-B3D8-401D-9287-739917E8189A}.Debug|Any CPU.ActiveCfg = Debug|Any CPU
		{4436CF81-B3D8-401D-9287-739917E8189A}.Debug|Any CPU.Build.0 = Debug|Any CPU
		{4436CF81-B3D8-401D-9287-739917E8189A}.Release|Any CPU.ActiveCfg = Release|Any CPU
		{4436CF81-B3D8-401D-9287-739917E8189A}.Release|Any CPU.Build.0 = Release|Any CPU
	EndGlobalSection
	GlobalSection(SolutionProperties) = preSolution
		HideSolutionNode = FALSE
	EndGlobalSection
	GlobalSection(ExtensibilityGlobals) = postSolution
		SolutionGuid = {BA5F6DC6-5970-47F3-BC91-0424FE429878}
	EndGlobalSection
EndGlobal
